
Microsoft Visual Studio Solution File, Format Version 12.00
# Visual Studio Version 16
VisualStudioVersion = 16.0.32802.440
MinimumVisualStudioVersion = 10.0.40219.1
Project("{FAE04EC0-301F-11D3-BF4B-00C04F79EFBC}") = "GameCore", "GameCore\GameCore.csproj", "{B85F0229-F454-4708-AACF-45EDF7A16D12}"
EndProject
Global
	GlobalSection(SolutionConfigurationPlatforms) = preSolution
		Debug|Any CPU = Debug|Any CPU
		Release|Any CPU = Release|Any CPU
	EndGlobalSection
	GlobalSection(ProjectConfigurationPlatforms) = postSolution
		{B85F0229-F454-4708-AACF-45EDF7A16D12}.Debug|Any CPU.ActiveCfg = Debug|Any CPU
		{B85F0229-F454-4708-AACF-45EDF7A16D12}.Debug|Any CPU.Build.0 = Debug|Any CPU
		{B85F0229-F454-4708-AACF-45EDF7A16D12}.Release|Any CPU.ActiveCfg = Release|Any CPU
		{B85F0229-F454-4708-AACF-45EDF7A16D12}.Release|Any CPU.Build.0 = Release|Any CPU
	EndGlobalSection
	GlobalSection(SolutionProperties) = preSolution
		HideSolutionNode = FALSE
	EndGlobalSection
	GlobalSection(ExtensibilityGlobals) = postSolution
		SolutionGuid = {31F159E4-454D-44BC-8BA4-E8DA1A987041}
	EndGlobalSection
EndGlobal
